
Microsoft Visual Studio Solution File, Format Version 12.00
# Visual Studio 15
VisualStudioVersion = 15.0.28307.136
MinimumVisualStudioVersion = 10.0.40219.1
Project("{FAE04EC0-301F-11D3-BF4B-00C04F79EFBC}") = "ProsxyScanner", "ProsxyScanner\ProsxyScanner.csproj", "{69213727-40F6-45B2-B2B7-70F389BDA5ED}"
EndProject
Global
	GlobalSection(SolutionConfigurationPlatforms) = preSolution
		Debug|Any CPU = Debug|Any CPU
		Release|Any CPU = Release|Any CPU
	EndGlobalSection
	GlobalSection(ProjectConfigurationPlatforms) = postSolution
		{69213727-40F6-45B2-B2B7-70F389BDA5ED}.Debug|Any CPU.ActiveCfg = Debug|Any CPU
		{69213727-40F6-45B2-B2B7-70F389BDA5ED}.Debug|Any CPU.Build.0 = Debug|Any CPU
		{69213727-40F6-45B2-B2B7-70F389BDA5ED}.Release|Any CPU.ActiveCfg = Release|Any CPU
		{69213727-40F6-45B2-B2B7-70F389BDA5ED}.Release|Any CPU.Build.0 = Release|Any CPU
	EndGlobalSection
	GlobalSection(SolutionProperties) = preSolution
		HideSolutionNode = FALSE
	EndGlobalSection
	GlobalSection(ExtensibilityGlobals) = postSolution
		SolutionGuid = {781DBC5D-8553-4572-9D68-CE4C631C8C78}
	EndGlobalSection
EndGlobal
